<?xml version="1.0" encoding="UTF-8"?>
<CodeBlocks_project_file>
	<FileVersion major="1" minor="6"/>
	<Project>
		<Option title="DeckLinkPlugin"/>
		<Option makefile_is_custom="1"/>
		<Option compiler="gcc"/>
		<Option virtualFolders="CMake Files\;CMake Files\cmake\;CMake Files\cmake\Modules\;"/>
		<Build>
			<Target title="all">
				<Option working_dir="/home/buresu/Documents/UnityDecklinkPlugin/build-Plugin-Desktop-Release"/>
				<Option type="4"/>
				<MakeCommands>
					<Build command="/usr/bin/make -j8 -f &quot;/home/buresu/Documents/UnityDecklinkPlugin/build-Plugin-Desktop-Release/Makefile&quot;  VERBOSE=1 all"/>
					<CompileFile command="/usr/bin/make -j8 -f &quot;/home/buresu/Documents/UnityDecklinkPlugin/build-Plugin-Desktop-Release/Makefile&quot;  VERBOSE=1 &quot;$file&quot;"/>
					<Clean command="/usr/bin/make -j8 -f &quot;/home/buresu/Documents/UnityDecklinkPlugin/build-Plugin-Desktop-Release/Makefile&quot;  VERBOSE=1 clean"/>
					<DistClean command="/usr/bin/make -j8 -f &quot;/home/buresu/Documents/UnityDecklinkPlugin/build-Plugin-Desktop-Release/Makefile&quot;  VERBOSE=1 clean"/>
				</MakeCommands>
			</Target>
			<Target title="rebuild_cache">
				<Option working_dir="/home/buresu/Documents/UnityDecklinkPlugin/build-Plugin-Desktop-Release"/>
				<Option type="4"/>
				<MakeCommands>
					<Build command="/usr/bin/make -j8 -f &quot;/home/buresu/Documents/UnityDecklinkPlugin/build-Plugin-Desktop-Release/Makefile&quot;  VERBOSE=1 rebuild_cache"/>
					<CompileFile command="/usr/bin/make -j8 -f &quot;/home/buresu/Documents/UnityDecklinkPlugin/build-Plugin-Desktop-Release/Makefile&quot;  VERBOSE=1 &quot;$file&quot;"/>
					<Clean command="/usr/bin/make -j8 -f &quot;/home/buresu/Documents/UnityDecklinkPlugin/build-Plugin-Desktop-Release/Makefile&quot;  VERBOSE=1 clean"/>
					<DistClean command="/usr/bin/make -j8 -f &quot;/home/buresu/Documents/UnityDecklinkPlugin/build-Plugin-Desktop-Release/Makefile&quot;  VERBOSE=1 clean"/>
				</MakeCommands>
			</Target>
			<Target title="edit_cache">
				<Option working_dir="/home/buresu/Documents/UnityDecklinkPlugin/build-Plugin-Desktop-Release"/>
				<Option type="4"/>
				<MakeCommands>
					<Build command="/usr/bin/make -j8 -f &quot;/home/buresu/Documents/UnityDecklinkPlugin/build-Plugin-Desktop-Release/Makefile&quot;  VERBOSE=1 edit_cache"/>
					<CompileFile command="/usr/bin/make -j8 -f &quot;/home/buresu/Documents/UnityDecklinkPlugin/build-Plugin-Desktop-Release/Makefile&quot;  VERBOSE=1 &quot;$file&quot;"/>
					<Clean command="/usr/bin/make -j8 -f &quot;/home/buresu/Documents/UnityDecklinkPlugin/build-Plugin-Desktop-Release/Makefile&quot;  VERBOSE=1 clean"/>
					<DistClean command="/usr/bin/make -j8 -f &quot;/home/buresu/Documents/UnityDecklinkPlugin/build-Plugin-Desktop-Release/Makefile&quot;  VERBOSE=1 clean"/>
				</MakeCommands>
			</Target>
			<Target title="DeckLinkPlugin">
				<Option output="/home/buresu/Documents/UnityDecklinkPlugin/build-Plugin-Desktop-Release/libDeckLinkPlugin.so" prefix_auto="0" extension_auto="0"/>
				<Option working_dir="/home/buresu/Documents/UnityDecklinkPlugin/build-Plugin-Desktop-Release"/>
				<Option object_output="./"/>
				<Option type="3"/>
				<Option compiler="gcc"/>
				<Compiler>
					<Add directory="/home/buresu/Documents/UnityDecklinkPlugin/build-Plugin-Desktop-Release"/>
					<Add directory="/home/buresu/Documents/UnityDecklinkPlugin/Plugin"/>
					<Add directory="/usr/lib/gcc/x86_64-pc-linux-gnu/11.1.0/../../../../include/c++/11.1.0"/>
					<Add directory="/usr/lib/gcc/x86_64-pc-linux-gnu/11.1.0/../../../../include/c++/11.1.0/x86_64-pc-linux-gnu"/>
					<Add directory="/usr/lib/gcc/x86_64-pc-linux-gnu/11.1.0/../../../../include/c++/11.1.0/backward"/>
					<Add directory="/usr/lib/gcc/x86_64-pc-linux-gnu/11.1.0/include"/>
					<Add directory="/usr/local/include"/>
					<Add directory="/usr/lib/gcc/x86_64-pc-linux-gnu/11.1.0/include-fixed"/>
					<Add directory="/usr/include"/>
				</Compiler>
				<MakeCommands>
					<Build command="/usr/bin/make -j8 -f &quot;/home/buresu/Documents/UnityDecklinkPlugin/build-Plugin-Desktop-Release/Makefile&quot;  VERBOSE=1 DeckLinkPlugin"/>
					<CompileFile command="/usr/bin/make -j8 -f &quot;/home/buresu/Documents/UnityDecklinkPlugin/build-Plugin-Desktop-Release/Makefile&quot;  VERBOSE=1 &quot;$file&quot;"/>
					<Clean command="/usr/bin/make -j8 -f &quot;/home/buresu/Documents/UnityDecklinkPlugin/build-Plugin-Desktop-Release/Makefile&quot;  VERBOSE=1 clean"/>
					<DistClean command="/usr/bin/make -j8 -f &quot;/home/buresu/Documents/UnityDecklinkPlugin/build-Plugin-Desktop-Release/Makefile&quot;  VERBOSE=1 clean"/>
				</MakeCommands>
			</Target>
			<Target title="DeckLinkPlugin/fast">
				<Option output="/home/buresu/Documents/UnityDecklinkPlugin/build-Plugin-Desktop-Release/libDeckLinkPlugin.so" prefix_auto="0" extension_auto="0"/>
				<Option working_dir="/home/buresu/Documents/UnityDecklinkPlugin/build-Plugin-Desktop-Release"/>
				<Option object_output="./"/>
				<Option type="3"/>
				<Option compiler="gcc"/>
				<Compiler>
					<Add directory="/home/buresu/Documents/UnityDecklinkPlugin/build-Plugin-Desktop-Release"/>
					<Add directory="/home/buresu/Documents/UnityDecklinkPlugin/Plugin"/>
					<Add directory="/usr/lib/gcc/x86_64-pc-linux-gnu/11.1.0/../../../../include/c++/11.1.0"/>
					<Add directory="/usr/lib/gcc/x86_64-pc-linux-gnu/11.1.0/../../../../include/c++/11.1.0/x86_64-pc-linux-gnu"/>
					<Add directory="/usr/lib/gcc/x86_64-pc-linux-gnu/11.1.0/../../../../include/c++/11.1.0/backward"/>
					<Add directory="/usr/lib/gcc/x86_64-pc-linux-gnu/11.1.0/include"/>
					<Add directory="/usr/local/include"/>
					<Add directory="/usr/lib/gcc/x86_64-pc-linux-gnu/11.1.0/include-fixed"/>
					<Add directory="/usr/include"/>
				</Compiler>
				<MakeCommands>
					<Build command="/usr/bin/make -j8 -f &quot;/home/buresu/Documents/UnityDecklinkPlugin/build-Plugin-Desktop-Release/Makefile&quot;  VERBOSE=1 DeckLinkPlugin/fast"/>
					<CompileFile command="/usr/bin/make -j8 -f &quot;/home/buresu/Documents/UnityDecklinkPlugin/build-Plugin-Desktop-Release/Makefile&quot;  VERBOSE=1 &quot;$file&quot;"/>
					<Clean command="/usr/bin/make -j8 -f &quot;/home/buresu/Documents/UnityDecklinkPlugin/build-Plugin-Desktop-Release/Makefile&quot;  VERBOSE=1 clean"/>
					<DistClean command="/usr/bin/make -j8 -f &quot;/home/buresu/Documents/UnityDecklinkPlugin/build-Plugin-Desktop-Release/Makefile&quot;  VERBOSE=1 clean"/>
				</MakeCommands>
			</Target>
			<Target title="DeckLink">
				<Option output="/home/buresu/Documents/UnityDecklinkPlugin/build-Plugin-Desktop-Release/libDeckLink.a" prefix_auto="0" extension_auto="0"/>
				<Option working_dir="/home/buresu/Documents/UnityDecklinkPlugin/build-Plugin-Desktop-Release"/>
				<Option object_output="./"/>
				<Option type="2"/>
				<Option compiler="gcc"/>
				<Compiler>
					<Add directory="/home/buresu/Documents/UnityDecklinkPlugin/build-Plugin-Desktop-Release"/>
					<Add directory="/home/buresu/Documents/UnityDecklinkPlugin/Plugin"/>
					<Add directory="/usr/lib/gcc/x86_64-pc-linux-gnu/11.1.0/../../../../include/c++/11.1.0"/>
					<Add directory="/usr/lib/gcc/x86_64-pc-linux-gnu/11.1.0/../../../../include/c++/11.1.0/x86_64-pc-linux-gnu"/>
					<Add directory="/usr/lib/gcc/x86_64-pc-linux-gnu/11.1.0/../../../../include/c++/11.1.0/backward"/>
					<Add directory="/usr/lib/gcc/x86_64-pc-linux-gnu/11.1.0/include"/>
					<Add directory="/usr/local/include"/>
					<Add directory="/usr/lib/gcc/x86_64-pc-linux-gnu/11.1.0/include-fixed"/>
					<Add directory="/usr/include"/>
				</Compiler>
				<MakeCommands>
					<Build command="/usr/bin/make -j8 -f &quot;/home/buresu/Documents/UnityDecklinkPlugin/build-Plugin-Desktop-Release/Makefile&quot;  VERBOSE=1 DeckLink"/>
					<CompileFile command="/usr/bin/make -j8 -f &quot;/home/buresu/Documents/UnityDecklinkPlugin/build-Plugin-Desktop-Release/Makefile&quot;  VERBOSE=1 &quot;$file&quot;"/>
					<Clean command="/usr/bin/make -j8 -f &quot;/home/buresu/Documents/UnityDecklinkPlugin/build-Plugin-Desktop-Release/Makefile&quot;  VERBOSE=1 clean"/>
					<DistClean command="/usr/bin/make -j8 -f &quot;/home/buresu/Documents/UnityDecklinkPlugin/build-Plugin-Desktop-Release/Makefile&quot;  VERBOSE=1 clean"/>
				</MakeCommands>
			</Target>
			<Target title="DeckLink/fast">
				<Option output="/home/buresu/Documents/UnityDecklinkPlugin/build-Plugin-Desktop-Release/libDeckLink.a" prefix_auto="0" extension_auto="0"/>
				<Option working_dir="/home/buresu/Documents/UnityDecklinkPlugin/build-Plugin-Desktop-Release"/>
				<Option object_output="./"/>
				<Option type="2"/>
				<Option compiler="gcc"/>
				<Compiler>
					<Add directory="/home/buresu/Documents/UnityDecklinkPlugin/build-Plugin-Desktop-Release"/>
					<Add directory="/home/buresu/Documents/UnityDecklinkPlugin/Plugin"/>
					<Add directory="/usr/lib/gcc/x86_64-pc-linux-gnu/11.1.0/../../../../include/c++/11.1.0"/>
					<Add directory="/usr/lib/gcc/x86_64-pc-linux-gnu/11.1.0/../../../../include/c++/11.1.0/x86_64-pc-linux-gnu"/>
					<Add directory="/usr/lib/gcc/x86_64-pc-linux-gnu/11.1.0/../../../../include/c++/11.1.0/backward"/>
					<Add directory="/usr/lib/gcc/x86_64-pc-linux-gnu/11.1.0/include"/>
					<Add directory="/usr/local/include"/>
					<Add directory="/usr/lib/gcc/x86_64-pc-linux-gnu/11.1.0/include-fixed"/>
					<Add directory="/usr/include"/>
				</Compiler>
				<MakeCommands>
					<Build command="/usr/bin/make -j8 -f &quot;/home/buresu/Documents/UnityDecklinkPlugin/build-Plugin-Desktop-Release/Makefile&quot;  VERBOSE=1 DeckLink/fast"/>
					<CompileFile command="/usr/bin/make -j8 -f &quot;/home/buresu/Documents/UnityDecklinkPlugin/build-Plugin-Desktop-Release/Makefile&quot;  VERBOSE=1 &quot;$file&quot;"/>
					<Clean command="/usr/bin/make -j8 -f &quot;/home/buresu/Documents/UnityDecklinkPlugin/build-Plugin-Desktop-Release/Makefile&quot;  VERBOSE=1 clean"/>
					<DistClean command="/usr/bin/make -j8 -f &quot;/home/buresu/Documents/UnityDecklinkPlugin/build-Plugin-Desktop-Release/Makefile&quot;  VERBOSE=1 clean"/>
				</MakeCommands>
			</Target>
		</Build>
		<Unit filename="/home/buresu/Documents/UnityDecklinkPlugin/Plugin/src/DeckLinkCApi.cpp">
			<Option target="DeckLinkPlugin"/>
		</Unit>
		<Unit filename="/home/buresu/Documents/UnityDecklinkPlugin/Plugin/src/DeckLinkCApi.hpp">
			<Option target="DeckLinkPlugin"/>
		</Unit>
		<Unit filename="/home/buresu/Documents/UnityDecklinkPlugin/Plugin/src/DeckLinkInputStream.cpp">
			<Option target="DeckLinkPlugin"/>
		</Unit>
		<Unit filename="/home/buresu/Documents/UnityDecklinkPlugin/Plugin/src/DeckLinkInputStream.hpp">
			<Option target="DeckLinkPlugin"/>
		</Unit>
		<Unit filename="/home/buresu/Documents/UnityDecklinkPlugin/Plugin/src/DeckLinkOutputStream.cpp">
			<Option target="DeckLinkPlugin"/>
		</Unit>
		<Unit filename="/home/buresu/Documents/UnityDecklinkPlugin/Plugin/src/DeckLinkOutputStream.hpp">
			<Option target="DeckLinkPlugin"/>
		</Unit>
		<Unit filename="/home/buresu/Documents/UnityDecklinkPlugin/Plugin/src/DeckLinkVideoFrame.cpp">
			<Option target="DeckLinkPlugin"/>
		</Unit>
		<Unit filename="/home/buresu/Documents/UnityDecklinkPlugin/Plugin/src/DeckLinkVideoFrame.hpp">
			<Option target="DeckLinkPlugin"/>
		</Unit>
		<Unit filename="/usr/include/DeckLinkAPIDispatch.cpp">
			<Option target="DeckLink"/>
		</Unit>
		<Unit filename="/home/buresu/Documents/UnityDecklinkPlugin/Plugin/CMakeLists.txt">
			<Option virtualFolder="CMake Files\"/>
		</Unit>
		<Unit filename="/home/buresu/Documents/UnityDecklinkPlugin/Plugin/cmake/Modules/FindDeckLink.cmake">
			<Option virtualFolder="CMake Files\cmake\Modules\"/>
		</Unit>
	</Project>
</CodeBlocks_project_file>
